
Microsoft Visual Studio Solution File, Format Version 12.00
# Visual Studio 2012
Project("{FAE04EC0-301F-11D3-BF4B-00C04F79EFBC}") = "knkV1", "knkV1\knkV1.csproj", "{B36CDAB6-D278-4367-884C-B3A638B405A5}"
EndProject
Project("{2150E333-8FDC-42A3-9474-1A3956D46DE8}") = "Solution Items", "Solution Items", "{24AA2E20-42A7-4979-8F66-0BEEB66C5645}"
EndProject
Global
	GlobalSection(SolutionConfigurationPlatforms) = preSolution
		Debug|Any CPU = Debug|Any CPU
		Release|Any CPU = Release|Any CPU
	EndGlobalSection
	GlobalSection(ProjectConfigurationPlatforms) = postSolution
		{B36CDAB6-D278-4367-884C-B3A638B405A5}.Debug|Any CPU.ActiveCfg = Debug|Any CPU
		{B36CDAB6-D278-4367-884C-B3A638B405A5}.Debug|Any CPU.Build.0 = Debug|Any CPU
		{B36CDAB6-D278-4367-884C-B3A638B405A5}.Release|Any CPU.ActiveCfg = Release|Any CPU
		{B36CDAB6-D278-4367-884C-B3A638B405A5}.Release|Any CPU.Build.0 = Release|Any CPU
	EndGlobalSection
	GlobalSection(SolutionProperties) = preSolution
		HideSolutionNode = FALSE
	EndGlobalSection
EndGlobal
